
Microsoft Visual Studio Solution File, Format Version 12.00
# Visual Studio Version 17
VisualStudioVersion = 17.0.31903.59
MinimumVisualStudioVersion = 10.0.40219.1
Project("{FAE04EC0-301F-11D3-BF4B-00C04F79EFBC}") = "ShorterUrl", "src\ShorterUrl.csproj", "{42A4C3AB-5E5F-494E-9571-FFAE294470BF}"
EndProject
Project("{2150E333-8FDC-42A3-9474-1A3956D46DE8}") = "test", "test", "{39CB46F2-0FE5-4081-9C70-76088F747630}"
EndProject
Project("{FAE04EC0-301F-11D3-BF4B-00C04F79EFBC}") = "ShorterUrl.Tests", "test\ShorterUrl.Tests\ShorterUrl.Tests.csproj", "{CFCCB97D-8238-44BD-9EF1-C1FBAB6EF36C}"
EndProject
Global
	GlobalSection(SolutionConfigurationPlatforms) = preSolution
		Debug|Any CPU = Debug|Any CPU
		Release|Any CPU = Release|Any CPU
	EndGlobalSection
	GlobalSection(SolutionProperties) = preSolution
		HideSolutionNode = FALSE
	EndGlobalSection
	GlobalSection(ProjectConfigurationPlatforms) = postSolution
		{42A4C3AB-5E5F-494E-9571-FFAE294470BF}.Debug|Any CPU.ActiveCfg = Debug|Any CPU
		{42A4C3AB-5E5F-494E-9571-FFAE294470BF}.Debug|Any CPU.Build.0 = Debug|Any CPU
		{42A4C3AB-5E5F-494E-9571-FFAE294470BF}.Release|Any CPU.ActiveCfg = Release|Any CPU
		{42A4C3AB-5E5F-494E-9571-FFAE294470BF}.Release|Any CPU.Build.0 = Release|Any CPU
		{CFCCB97D-8238-44BD-9EF1-C1FBAB6EF36C}.Debug|Any CPU.ActiveCfg = Debug|Any CPU
		{CFCCB97D-8238-44BD-9EF1-C1FBAB6EF36C}.Debug|Any CPU.Build.0 = Debug|Any CPU
		{CFCCB97D-8238-44BD-9EF1-C1FBAB6EF36C}.Release|Any CPU.ActiveCfg = Release|Any CPU
		{CFCCB97D-8238-44BD-9EF1-C1FBAB6EF36C}.Release|Any CPU.Build.0 = Release|Any CPU
	EndGlobalSection
	GlobalSection(NestedProjects) = preSolution
		{CFCCB97D-8238-44BD-9EF1-C1FBAB6EF36C} = {39CB46F2-0FE5-4081-9C70-76088F747630}
	EndGlobalSection
EndGlobal
