
Microsoft Visual Studio Solution File, Format Version 12.00
# Visual Studio Version 17
VisualStudioVersion = 17.5.002.0
MinimumVisualStudioVersion = 10.0.40219.1
Project("{9A19103F-16F7-4668-BE54-9A1E7A4F7556}") = "ShorterUrl", "ShorterUrl.csproj", "{979A9DC2-0CD7-439A-9639-ADC2E8EB929F}"
EndProject
Global
	GlobalSection(SolutionConfigurationPlatforms) = preSolution
		Debug|Any CPU = Debug|Any CPU
		Release|Any CPU = Release|Any CPU
	EndGlobalSection
	GlobalSection(ProjectConfigurationPlatforms) = postSolution
		{979A9DC2-0CD7-439A-9639-ADC2E8EB929F}.Debug|Any CPU.ActiveCfg = Debug|Any CPU
		{979A9DC2-0CD7-439A-9639-ADC2E8EB929F}.Debug|Any CPU.Build.0 = Debug|Any CPU
		{979A9DC2-0CD7-439A-9639-ADC2E8EB929F}.Release|Any CPU.ActiveCfg = Release|Any CPU
		{979A9DC2-0CD7-439A-9639-ADC2E8EB929F}.Release|Any CPU.Build.0 = Release|Any CPU
	EndGlobalSection
	GlobalSection(SolutionProperties) = preSolution
		HideSolutionNode = FALSE
	EndGlobalSection
	GlobalSection(ExtensibilityGlobals) = postSolution
		SolutionGuid = {586D9CE6-FB07-4B91-9027-0508336172D3}
	EndGlobalSection
EndGlobal
